
Microsoft Visual Studio Solution File, Format Version 12.00
# Visual Studio Version 17
VisualStudioVersion = 17.5.33502.453
MinimumVisualStudioVersion = 10.0.40219.1
Project("{FAE04EC0-301F-11D3-BF4B-00C04F79EFBC}") = "MinhaEntradaCrawler.ConsoleApp", "MinhaEntradaCrawler.ConsoleApp\MinhaEntradaCrawler.ConsoleApp.csproj", "{0352D48F-8FCE-463E-B9E8-CA97F3F288DD}"
EndProject
Global
	GlobalSection(SolutionConfigurationPlatforms) = preSolution
		Debug|Any CPU = Debug|Any CPU
		Release|Any CPU = Release|Any CPU
	EndGlobalSection
	GlobalSection(ProjectConfigurationPlatforms) = postSolution
		{0352D48F-8FCE-463E-B9E8-CA97F3F288DD}.Debug|Any CPU.ActiveCfg = Debug|Any CPU
		{0352D48F-8FCE-463E-B9E8-CA97F3F288DD}.Debug|Any CPU.Build.0 = Debug|Any CPU
		{0352D48F-8FCE-463E-B9E8-CA97F3F288DD}.Release|Any CPU.ActiveCfg = Release|Any CPU
		{0352D48F-8FCE-463E-B9E8-CA97F3F288DD}.Release|Any CPU.Build.0 = Release|Any CPU
	EndGlobalSection
	GlobalSection(SolutionProperties) = preSolution
		HideSolutionNode = FALSE
	EndGlobalSection
	GlobalSection(ExtensibilityGlobals) = postSolution
		SolutionGuid = {9845AAA0-8022-4C4D-B790-2F6570A31D40}
	EndGlobalSection
EndGlobal
